
Microsoft Visual Studio Solution File, Format Version 11.00
# Visual Studio 2010
Project("{FAE04EC0-301F-11D3-BF4B-00C04F79EFBC}") = "Assembly-CSharp", "Assembly-CSharp.csproj", "{da749e4e-56ff-fc61-2564-4262fc41d85c}"
EndProject
Project("{FAE04EC0-301F-11D3-BF4B-00C04F79EFBC}") = "AimingRig", "AimingRig.csproj", "{cabf7f44-75b0-c433-5e99-56762a92df46}"
EndProject
Project("{FAE04EC0-301F-11D3-BF4B-00C04F79EFBC}") = "Assembly-CSharp-Editor", "Assembly-CSharp-Editor.csproj", "{eba80965-a58c-1bbb-1577-4eba2629e558}"
EndProject
Global
	GlobalSection(SolutionConfigurationPlatforms) = preSolution
		Debug|Any CPU = Debug|Any CPU
	EndGlobalSection
	GlobalSection(ProjectConfigurationPlatforms) = postSolution
		{da749e4e-56ff-fc61-2564-4262fc41d85c}.Debug|Any CPU.ActiveCfg = Debug|Any CPU
		{da749e4e-56ff-fc61-2564-4262fc41d85c}.Debug|Any CPU.Build.0 = Debug|Any CPU
		{cabf7f44-75b0-c433-5e99-56762a92df46}.Debug|Any CPU.ActiveCfg = Debug|Any CPU
		{cabf7f44-75b0-c433-5e99-56762a92df46}.Debug|Any CPU.Build.0 = Debug|Any CPU
		{eba80965-a58c-1bbb-1577-4eba2629e558}.Debug|Any CPU.ActiveCfg = Debug|Any CPU
		{eba80965-a58c-1bbb-1577-4eba2629e558}.Debug|Any CPU.Build.0 = Debug|Any CPU
	EndGlobalSection
	GlobalSection(SolutionProperties) = preSolution
		HideSolutionNode = FALSE
	EndGlobalSection
EndGlobal
